SITE
  remote: http://community.opscode.com/api/v1
  specs:
    apt (1.9.2)
    build-essential (1.4.0)
    chef_gem (0.1.0)
    god (1.0.0)
      runit (>= 0.0.0)
    mysql (3.0.0)
      build-essential (>= 0.0.0)
      openssl (>= 0.0.0)
    nginx (1.4.0)
      apt (>= 0.0.0)
      build-essential (>= 0.0.0)
      ohai (>= 1.1.4)
      yum (>= 0.0.0)
    ohai (1.1.8)
    openssl (1.0.2)
    runit (1.1.2)
      build-essential (>= 0.0.0)
      yum (>= 0.0.0)
    user (0.3.0)
    yum (2.2.0)

GIT
  remote: https://github.com/fnichol/chef-rvm
  ref: master
  sha: 08a06bc7c3c9fd0fb6b3a9b80f27bd74e109660c
  specs:
    rvm (0.9.1)
      chef_gem (>= 0.0.0)

DEPENDENCIES
  god (>= 0)
  mysql (>= 0)
  nginx (>= 0)
  runit (>= 0)
  rvm (>= 0)
  user (>= 0)

