SITE
  remote: http://community.opscode.com/api/v1
  specs:
    apt (1.9.2)
    build-essential (1.4.0)
    mysql (3.0.0)
      build-essential (>= 0.0.0)
      openssl (>= 0.0.0)
    nginx (1.4.0)
      apt (>= 0.0.0)
      build-essential (>= 0.0.0)
      ohai (>= 1.1.4)
      yum (>= 0.0.0)
    ohai (1.1.8)
    openssl (1.0.2)
    runit (1.1.2)
      build-essential (>= 0.0.0)
      yum (>= 0.0.0)
    yum (2.2.0)

DEPENDENCIES
  mysql (>= 0)
  nginx (>= 0)
  runit (>= 0)

